{
  "name": "rdao",
  "version": "1.0.0",
  "lockfileVersion": 1,
  "requires": true,
  "dependencies": {
    "openzeppelin-solidity": {
      "version": "4.4.1",
      "resolved": "https://registry.npmmirror.com/openzeppelin-solidity/download/openzeppelin-solidity-4.4.1.tgz",
      "integrity": "sha512-wM5xXSHl8uSdEd+Oq8y92goqCk4uYXIATNY0MYL+ZtviW7xcSmTtWTeV+dM6ZxkseKJMXE5iEksuR20NzMNSpg=="
    }
  }
}
